// !$*UTF8*$!
{
	archiveVersion = 1;
	classes = {
	};
	objectVersion = 56;
	objects = {

/* Begin PBXBuildFile section */
		DB93357D2A263F7600360766 /* FilmesView.swift in Sources */ = {isa = PBXBuildFile; fileRef = DB93357C2A263F7600360766 /* FilmesView.swift */; };
		DB93357F2A263F9D00360766 /* CollectionView.swift in Sources */ = {isa = PBXBuildFile; fileRef = DB93357E2A263F9D00360766 /* CollectionView.swift */; };
		DB9335832A26421D00360766 /* FilterView.swift in Sources */ = {isa = PBXBuildFile; fileRef = DB9335822A26421D00360766 /* FilterView.swift */; };
		DB9335852A26428D00360766 /* SearchBarView.swift in Sources */ = {isa = PBXBuildFile; fileRef = DB9335842A26428D00360766 /* SearchBarView.swift */; };
		DB9335872A26652E00360766 /* LibraryView.swift in Sources */ = {isa = PBXBuildFile; fileRef = DB9335862A26652E00360766 /* LibraryView.swift */; };
		DB9335892A268AD200360766 /* DetailView.swift in Sources */ = {isa = PBXBuildFile; fileRef = DB9335882A268AD200360766 /* DetailView.swift */; };
		EC6804E02A27BE1B00868431 /* NewsView.swift in Sources */ = {isa = PBXBuildFile; fileRef = EC6804DF2A27BE1B00868431 /* NewsView.swift */; };
		EC78F8852A2630C4006786D0 /* IngressoCopycatApp.swift in Sources */ = {isa = PBXBuildFile; fileRef = EC78F8842A2630C4006786D0 /* IngressoCopycatApp.swift */; };
		EC78F8872A2630C4006786D0 /* ContentView.swift in Sources */ = {isa = PBXBuildFile; fileRef = EC78F8862A2630C4006786D0 /* ContentView.swift */; };
		EC78F8892A2630C5006786D0 /* Assets.xcassets in Resources */ = {isa = PBXBuildFile; fileRef = EC78F8882A2630C5006786D0 /* Assets.xcassets */; };
		EC78F88C2A2630C5006786D0 /* Preview Assets.xcassets in Resources */ = {isa = PBXBuildFile; fileRef = EC78F88B2A2630C5006786D0 /* Preview Assets.xcassets */; };
		EC78F8932A2635C0006786D0 /* TabBarView.swift in Sources */ = {isa = PBXBuildFile; fileRef = EC78F8922A2635C0006786D0 /* TabBarView.swift */; };
		EC78F8952A2643B1006786D0 /* MovieSessionsView.swift in Sources */ = {isa = PBXBuildFile; fileRef = EC78F8942A2643B1006786D0 /* MovieSessionsView.swift */; };
		EC78F89B2A266E93006786D0 /* CinemasView.swift in Sources */ = {isa = PBXBuildFile; fileRef = EC78F89A2A266E93006786D0 /* CinemasView.swift */; };
		EC78F89D2A26912F006786D0 /* LocationView.swift in Sources */ = {isa = PBXBuildFile; fileRef = EC78F89C2A26912F006786D0 /* LocationView.swift */; };
		EC78F89F2A2694A7006786D0 /* FavoritesView.swift in Sources */ = {isa = PBXBuildFile; fileRef = EC78F89E2A2694A7006786D0 /* FavoritesView.swift */; };
		EC78F8A12A2794A3006786D0 /* ProfileView.swift in Sources */ = {isa = PBXBuildFile; fileRef = EC78F8A02A2794A3006786D0 /* ProfileView.swift */; };
/* End PBXBuildFile section */

/* Begin PBXFileReference section */
		DB93357C2A263F7600360766 /* FilmesView.swift */ = {isa = PBXFileReference; lastKnownFileType = sourcecode.swift; path = FilmesView.swift; sourceTree = "<group>"; };
		DB93357E2A263F9D00360766 /* CollectionView.swift */ = {isa = PBXFileReference; lastKnownFileType = sourcecode.swift; path = CollectionView.swift; sourceTree = "<group>"; };
		DB9335822A26421D00360766 /* FilterView.swift */ = {isa = PBXFileReference; lastKnownFileType = sourcecode.swift; path = FilterView.swift; sourceTree = "<group>"; };
		DB9335842A26428D00360766 /* SearchBarView.swift */ = {isa = PBXFileReference; lastKnownFileType = sourcecode.swift; path = SearchBarView.swift; sourceTree = "<group>"; };
		DB9335862A26652E00360766 /* LibraryView.swift */ = {isa = PBXFileReference; lastKnownFileType = sourcecode.swift; path = LibraryView.swift; sourceTree = "<group>"; };
		DB9335882A268AD200360766 /* DetailView.swift */ = {isa = PBXFileReference; lastKnownFileType = sourcecode.swift; path = DetailView.swift; sourceTree = "<group>"; };
		EC6804DF2A27BE1B00868431 /* NewsView.swift */ = {isa = PBXFileReference; lastKnownFileType = sourcecode.swift; path = NewsView.swift; sourceTree = "<group>"; };
		EC78F8812A2630C4006786D0 /* IngressoCopycat.app */ = {isa = PBXFileReference; explicitFileType = wrapper.application; includeInIndex = 0; path = IngressoCopycat.app; sourceTree = BUILT_PRODUCTS_DIR; };
		EC78F8842A2630C4006786D0 /* IngressoCopycatApp.swift */ = {isa = PBXFileReference; lastKnownFileType = sourcecode.swift; path = IngressoCopycatApp.swift; sourceTree = "<group>"; };
		EC78F8862A2630C4006786D0 /* ContentView.swift */ = {isa = PBXFileReference; lastKnownFileType = sourcecode.swift; path = ContentView.swift; sourceTree = "<group>"; };
		EC78F8882A2630C5006786D0 /* Assets.xcassets */ = {isa = PBXFileReference; lastKnownFileType = folder.assetcatalog; path = Assets.xcassets; sourceTree = "<group>"; };
		EC78F88B2A2630C5006786D0 /* Preview Assets.xcassets */ = {isa = PBXFileReference; lastKnownFileType = folder.assetcatalog; path = "Preview Assets.xcassets"; sourceTree = "<group>"; };
		EC78F8922A2635C0006786D0 /* TabBarView.swift */ = {isa = PBXFileReference; lastKnownFileType = sourcecode.swift; path = TabBarView.swift; sourceTree = "<group>"; };
		EC78F8942A2643B1006786D0 /* MovieSessionsView.swift */ = {isa = PBXFileReference; lastKnownFileType = sourcecode.swift; path = MovieSessionsView.swift; sourceTree = "<group>"; };
		EC78F89A2A266E93006786D0 /* CinemasView.swift */ = {isa = PBXFileReference; lastKnownFileType = sourcecode.swift; path = CinemasView.swift; sourceTree = "<group>"; };
		EC78F89C2A26912F006786D0 /* LocationView.swift */ = {isa = PBXFileReference; lastKnownFileType = sourcecode.swift; path = LocationView.swift; sourceTree = "<group>"; };
		EC78F89E2A2694A7006786D0 /* FavoritesView.swift */ = {isa = PBXFileReference; lastKnownFileType = sourcecode.swift; path = FavoritesView.swift; sourceTree = "<group>"; };
		EC78F8A02A2794A3006786D0 /* ProfileView.swift */ = {isa = PBXFileReference; lastKnownFileType = sourcecode.swift; path = ProfileView.swift; sourceTree = "<group>"; };
/* End PBXFileReference section */

/* Begin PBXFrameworksBuildPhase section */
		EC78F87E2A2630C4006786D0 /* Frameworks */ = {
			isa = PBXFrameworksBuildPhase;
			buildActionMask = 2147483647;
			files = (
			);
			runOnlyForDeploymentPostprocessing = 0;
		};
/* End PBXFrameworksBuildPhase section */

/* Begin PBXGroup section */
		EC78F8782A2630C3006786D0 = {
			isa = PBXGroup;
			children = (
				EC78F8832A2630C4006786D0 /* IngressoCopycat */,
				EC78F8822A2630C4006786D0 /* Products */,
			);
			sourceTree = "<group>";
		};
		EC78F8822A2630C4006786D0 /* Products */ = {
			isa = PBXGroup;
			children = (
				EC78F8812A2630C4006786D0 /* IngressoCopycat.app */,
			);
			name = Products;
			sourceTree = "<group>";
		};
		EC78F8832A2630C4006786D0 /* IngressoCopycat */ = {
			isa = PBXGroup;
			children = (
				DB93357E2A263F9D00360766 /* CollectionView.swift */,
				DB9335862A26652E00360766 /* LibraryView.swift */,
				EC78F8942A2643B1006786D0 /* MovieSessionsView.swift */,
				EC78F8842A2630C4006786D0 /* IngressoCopycatApp.swift */,
				EC78F8862A2630C4006786D0 /* ContentView.swift */,
				EC78F89A2A266E93006786D0 /* CinemasView.swift */,
				EC78F89E2A2694A7006786D0 /* FavoritesView.swift */,
				EC78F89C2A26912F006786D0 /* LocationView.swift */,
				EC78F8922A2635C0006786D0 /* TabBarView.swift */,
				EC6804DF2A27BE1B00868431 /* NewsView.swift */,
				EC78F8A02A2794A3006786D0 /* ProfileView.swift */,
				DB9335882A268AD200360766 /* DetailView.swift */,
				DB93357C2A263F7600360766 /* FilmesView.swift */,
				DB9335842A26428D00360766 /* SearchBarView.swift */,
				DB9335822A26421D00360766 /* FilterView.swift */,
				EC78F8882A2630C5006786D0 /* Assets.xcassets */,
				EC78F88A2A2630C5006786D0 /* Preview Content */,
			);
			path = IngressoCopycat;
			sourceTree = "<group>";
		};
		EC78F88A2A2630C5006786D0 /* Preview Content */ = {
			isa = PBXGroup;
			children = (
				EC78F88B2A2630C5006786D0 /* Preview Assets.xcassets */,
			);
			path = "Preview Content";
			sourceTree = "<group>";
		};
/* End PBXGroup section */

/* Begin PBXNativeTarget section */
		EC78F8802A2630C4006786D0 /* IngressoCopycat */ = {
			isa = PBXNativeTarget;
			buildConfigurationList = EC78F88F2A2630C5006786D0 /* Build configuration list for PBXNativeTarget "IngressoCopycat" */;
			buildPhases = (
				EC78F87D2A2630C4006786D0 /* Sources */,
				EC78F87E2A2630C4006786D0 /* Frameworks */,
				EC78F87F2A2630C4006786D0 /* Resources */,
			);
			buildRules = (
			);
			dependencies = (
			);
			name = IngressoCopycat;
			productName = IngressoCopycat;
			productReference = EC78F8812A2630C4006786D0 /* IngressoCopycat.app */;
			productType = "com.apple.product-type.application";
		};
/* End PBXNativeTarget section */

/* Begin PBXProject section */
		EC78F8792A2630C3006786D0 /* Project object */ = {
			isa = PBXProject;
			attributes = {
				BuildIndependentTargetsInParallel = 1;
				LastSwiftUpdateCheck = 1420;
				LastUpgradeCheck = 1420;
				TargetAttributes = {
					EC78F8802A2630C4006786D0 = {
						CreatedOnToolsVersion = 14.2;
					};
				};
			};
			buildConfigurationList = EC78F87C2A2630C3006786D0 /* Build configuration list for PBXProject "IngressoCopycat" */;
			compatibilityVersion = "Xcode 14.0";
			developmentRegion = en;
			hasScannedForEncodings = 0;
			knownRegions = (
				en,
				Base,
			);
			mainGroup = EC78F8782A2630C3006786D0;
			productRefGroup = EC78F8822A2630C4006786D0 /* Products */;
			projectDirPath = "";
			projectRoot = "";
			targets = (
				EC78F8802A2630C4006786D0 /* IngressoCopycat */,
			);
		};
/* End PBXProject section */

/* Begin PBXResourcesBuildPhase section */
		EC78F87F2A2630C4006786D0 /* Resources */ = {
			isa = PBXResourcesBuildPhase;
			buildActionMask = 2147483647;
			files = (
				EC78F88C2A2630C5006786D0 /* Preview Assets.xcassets in Resources */,
				EC78F8892A2630C5006786D0 /* Assets.xcassets in Resources */,
			);
			runOnlyForDeploymentPostprocessing = 0;
		};
/* End PBXResourcesBuildPhase section */

/* Begin PBXSourcesBuildPhase section */
		EC78F87D2A2630C4006786D0 /* Sources */ = {
			isa = PBXSourcesBuildPhase;
			buildActionMask = 2147483647;
			files = (
				EC78F8952A2643B1006786D0 /* MovieSessionsView.swift in Sources */,
				EC78F89D2A26912F006786D0 /* LocationView.swift in Sources */,
				EC78F89B2A266E93006786D0 /* CinemasView.swift in Sources */,
				EC6804E02A27BE1B00868431 /* NewsView.swift in Sources */,
				EC78F8872A2630C4006786D0 /* ContentView.swift in Sources */,
				EC78F89F2A2694A7006786D0 /* FavoritesView.swift in Sources */,
				DB9335892A268AD200360766 /* DetailView.swift in Sources */,
				DB93357F2A263F9D00360766 /* CollectionView.swift in Sources */,
				EC78F8932A2635C0006786D0 /* TabBarView.swift in Sources */,
				DB9335852A26428D00360766 /* SearchBarView.swift in Sources */,
				DB9335872A26652E00360766 /* LibraryView.swift in Sources */,
				DB93357D2A263F7600360766 /* FilmesView.swift in Sources */,
				DB9335832A26421D00360766 /* FilterView.swift in Sources */,
				EC78F8A12A2794A3006786D0 /* ProfileView.swift in Sources */,
				EC78F8852A2630C4006786D0 /* IngressoCopycatApp.swift in Sources */,
			);
			runOnlyForDeploymentPostprocessing = 0;
		};
/* End PBXSourcesBuildPhase section */

/* Begin XCBuildConfiguration section */
		EC78F88D2A2630C5006786D0 /* Debug */ = {
			isa = XCBuildConfiguration;
			buildSettings = {
				ALWAYS_SEARCH_USER_PATHS = NO;
				CLANG_ANALYZER_NONNULL = YES;
				CLANG_ANALYZER_NUMBER_OBJECT_CONVERSION = YES_AGGRESSIVE;
				CLANG_CXX_LANGUAGE_STANDARD = "gnu++20";
				CLANG_ENABLE_MODULES = YES;
				CLANG_ENABLE_OBJC_ARC = YES;
				CLANG_ENABLE_OBJC_WEAK = YES;
				CLANG_WARN_BLOCK_CAPTURE_AUTORELEASING = YES;
				CLANG_WARN_BOOL_CONVERSION = YES;
				CLANG_WARN_COMMA = YES;
				CLANG_WARN_CONSTANT_CONVERSION = YES;
				CLANG_WARN_DEPRECATED_OBJC_IMPLEMENTATIONS = YES;
				CLANG_WARN_DIRECT_OBJC_ISA_USAGE = YES_ERROR;
				CLANG_WARN_DOCUMENTATION_COMMENTS = YES;
				CLANG_WARN_EMPTY_BODY = YES;
				CLANG_WARN_ENUM_CONVERSION = YES;
				CLANG_WARN_INFINITE_RECURSION = YES;
				CLANG_WARN_INT_CONVERSION = YES;
				CLANG_WARN_NON_LITERAL_NULL_CONVERSION = YES;
				CLANG_WARN_OBJC_IMPLICIT_RETAIN_SELF = YES;
				CLANG_WARN_OBJC_LITERAL_CONVERSION = YES;
				CLANG_WARN_OBJC_ROOT_CLASS = YES_ERROR;
				CLANG_WARN_QUOTED_INCLUDE_IN_FRAMEWORK_HEADER = YES;
				CLANG_WARN_RANGE_LOOP_ANALYSIS = YES;
				CLANG_WARN_STRICT_PROTOTYPES = YES;
				CLANG_WARN_SUSPICIOUS_MOVE = YES;
				CLANG_WARN_UNGUARDED_AVAILABILITY = YES_AGGRESSIVE;
				CLANG_WARN_UNREACHABLE_CODE = YES;
				CLANG_WARN__DUPLICATE_METHOD_MATCH = YES;
				COPY_PHASE_STRIP = NO;
				DEBUG_INFORMATION_FORMAT = dwarf;
				ENABLE_STRICT_OBJC_MSGSEND = YES;
				ENABLE_TESTABILITY = YES;
				GCC_C_LANGUAGE_STANDARD = gnu11;
				GCC_DYNAMIC_NO_PIC = NO;
				GCC_NO_COMMON_BLOCKS = YES;
				GCC_OPTIMIZATION_LEVEL = 0;
				GCC_PREPROCESSOR_DEFINITIONS = (
					"DEBUG=1",
					"$(inherited)",
				);
				GCC_WARN_64_TO_32_BIT_CONVERSION = YES;
				GCC_WARN_ABOUT_RETURN_TYPE = YES_ERROR;
				GCC_WARN_UNDECLARED_SELECTOR = YES;
				GCC_WARN_UNINITIALIZED_AUTOS = YES_AGGRESSIVE;
				GCC_WARN_UNUSED_FUNCTION = YES;
				GCC_WARN_UNUSED_VARIABLE = YES;
				IPHONEOS_DEPLOYMENT_TARGET = 16.2;
				MTL_ENABLE_DEBUG_INFO = INCLUDE_SOURCE;
				MTL_FAST_MATH = YES;
				ONLY_ACTIVE_ARCH = YES;
				SDKROOT = iphoneos;
				SWIFT_ACTIVE_COMPILATION_CONDITIONS = DEBUG;
				SWIFT_OPTIMIZATION_LEVEL = "-Onone";
			};
			name = Debug;
		};
		EC78F88E2A2630C5006786D0 /* Release */ = {
			isa = XCBuildConfiguration;
			buildSettings = {
				ALWAYS_SEARCH_USER_PATHS = NO;
				CLANG_ANALYZER_NONNULL = YES;
				CLANG_ANALYZER_NUMBER_OBJECT_CONVERSION = YES_AGGRESSIVE;
				CLANG_CXX_LANGUAGE_STANDARD = "gnu++20";
				CLANG_ENABLE_MODULES = YES;
				CLANG_ENABLE_OBJC_ARC = YES;
				CLANG_ENABLE_OBJC_WEAK = YES;
				CLANG_WARN_BLOCK_CAPTURE_AUTORELEASING = YES;
				CLANG_WARN_BOOL_CONVERSION = YES;
				CLANG_WARN_COMMA = YES;
				CLANG_WARN_CONSTANT_CONVERSION = YES;
				CLANG_WARN_DEPRECATED_OBJC_IMPLEMENTATIONS = YES;
				CLANG_WARN_DIRECT_OBJC_ISA_USAGE = YES_ERROR;
				CLANG_WARN_DOCUMENTATION_COMMENTS = YES;
				CLANG_WARN_EMPTY_BODY = YES;
				CLANG_WARN_ENUM_CONVERSION = YES;
				CLANG_WARN_INFINITE_RECURSION = YES;
				CLANG_WARN_INT_CONVERSION = YES;
				CLANG_WARN_NON_LITERAL_NULL_CONVERSION = YES;
				CLANG_WARN_OBJC_IMPLICIT_RETAIN_SELF = YES;
				CLANG_WARN_OBJC_LITERAL_CONVERSION = YES;
				CLANG_WARN_OBJC_ROOT_CLASS = YES_ERROR;
				CLANG_WARN_QUOTED_INCLUDE_IN_FRAMEWORK_HEADER = YES;
				CLANG_WARN_RANGE_LOOP_ANALYSIS = YES;
				CLANG_WARN_STRICT_PROTOTYPES = YES;
				CLANG_WARN_SUSPICIOUS_MOVE = YES;
				CLANG_WARN_UNGUARDED_AVAILABILITY = YES_AGGRESSIVE;
				CLANG_WARN_UNREACHABLE_CODE = YES;
				CLANG_WARN__DUPLICATE_METHOD_MATCH = YES;
				COPY_PHASE_STRIP = NO;
				DEBUG_INFORMATION_FORMAT = "dwarf-with-dsym";
				ENABLE_NS_ASSERTIONS = NO;
				ENABLE_STRICT_OBJC_MSGSEND = YES;
				GCC_C_LANGUAGE_STANDARD = gnu11;
				GCC_NO_COMMON_BLOCKS = YES;
				GCC_WARN_64_TO_32_BIT_CONVERSION = YES;
				GCC_WARN_ABOUT_RETURN_TYPE = YES_ERROR;
				GCC_WARN_UNDECLARED_SELECTOR = YES;
				GCC_WARN_UNINITIALIZED_AUTOS = YES_AGGRESSIVE;
				GCC_WARN_UNUSED_FUNCTION = YES;
				GCC_WARN_UNUSED_VARIABLE = YES;
				IPHONEOS_DEPLOYMENT_TARGET = 16.2;
				MTL_ENABLE_DEBUG_INFO = NO;
				MTL_FAST_MATH = YES;
				SDKROOT = iphoneos;
				SWIFT_COMPILATION_MODE = wholemodule;
				SWIFT_OPTIMIZATION_LEVEL = "-O";
				VALIDATE_PRODUCT = YES;
			};
			name = Release;
		};
		EC78F8902A2630C5006786D0 /* Debug */ = {
			isa = XCBuildConfiguration;
			buildSettings = {
				ASSETCATALOG_COMPILER_APPICON_NAME = AppIcon;
				ASSETCATALOG_COMPILER_GLOBAL_ACCENT_COLOR_NAME = AccentColor;
				CODE_SIGN_STYLE = Automatic;
				CURRENT_PROJECT_VERSION = 1;
				DEVELOPMENT_ASSET_PATHS = "\"IngressoCopycat/Preview Content\"";
				DEVELOPMENT_TEAM = 983Y3746T2;
				ENABLE_PREVIEWS = YES;
				GENERATE_INFOPLIST_FILE = YES;
				INFOPLIST_KEY_UIApplicationSceneManifest_Generation = YES;
				INFOPLIST_KEY_UIApplicationSupportsIndirectInputEvents = YES;
				INFOPLIST_KEY_UILaunchScreen_Generation = YES;
				INFOPLIST_KEY_UISupportedInterfaceOrientations_iPad = "UIInterfaceOrientationPortrait UIInterfaceOrientationPortraitUpsideDown UIInterfaceOrientationLandscapeLeft UIInterfaceOrientationLandscapeRight";
				INFOPLIST_KEY_UISupportedInterfaceOrientations_iPhone = "UIInterfaceOrientationPortrait UIInterfaceOrientationLandscapeLeft UIInterfaceOrientationLandscapeRight";
				LD_RUNPATH_SEARCH_PATHS = (
					"$(inherited)",
					"@executable_path/Frameworks",
				);
				MARKETING_VERSION = 1.0;
				PRODUCT_BUNDLE_IDENTIFIER = com.vitormonzillo.IngressoCopycat;
				PRODUCT_NAME = "$(TARGET_NAME)";
				SWIFT_EMIT_LOC_STRINGS = YES;
				SWIFT_VERSION = 5.0;
				TARGETED_DEVICE_FAMILY = "1,2";
			};
			name = Debug;
		};
		EC78F8912A2630C5006786D0 /* Release */ = {
			isa = XCBuildConfiguration;
			buildSettings = {
				ASSETCATALOG_COMPILER_APPICON_NAME = AppIcon;
				ASSETCATALOG_COMPILER_GLOBAL_ACCENT_COLOR_NAME = AccentColor;
				CODE_SIGN_STYLE = Automatic;
				CURRENT_PROJECT_VERSION = 1;
				DEVELOPMENT_ASSET_PATHS = "\"IngressoCopycat/Preview Content\"";
				DEVELOPMENT_TEAM = 983Y3746T2;
				ENABLE_PREVIEWS = YES;
				GENERATE_INFOPLIST_FILE = YES;
				INFOPLIST_KEY_UIApplicationSceneManifest_Generation = YES;
				INFOPLIST_KEY_UIApplicationSupportsIndirectInputEvents = YES;
				INFOPLIST_KEY_UILaunchScreen_Generation = YES;
				INFOPLIST_KEY_UISupportedInterfaceOrientations_iPad = "UIInterfaceOrientationPortrait UIInterfaceOrientationPortraitUpsideDown UIInterfaceOrientationLandscapeLeft UIInterfaceOrientationLandscapeRight";
				INFOPLIST_KEY_UISupportedInterfaceOrientations_iPhone = "UIInterfaceOrientationPortrait UIInterfaceOrientationLandscapeLeft UIInterfaceOrientationLandscapeRight";
				LD_RUNPATH_SEARCH_PATHS = (
					"$(inherited)",
					"@executable_path/Frameworks",
				);
				MARKETING_VERSION = 1.0;
				PRODUCT_BUNDLE_IDENTIFIER = com.vitormonzillo.IngressoCopycat;
				PRODUCT_NAME = "$(TARGET_NAME)";
				SWIFT_EMIT_LOC_STRINGS = YES;
				SWIFT_VERSION = 5.0;
				TARGETED_DEVICE_FAMILY = "1,2";
			};
			name = Release;
		};
/* End XCBuildConfiguration section */

/* Begin XCConfigurationList section */
		EC78F87C2A2630C3006786D0 /* Build configuration list for PBXProject "IngressoCopycat" */ = {
			isa = XCConfigurationList;
			buildConfigurations = (
				EC78F88D2A2630C5006786D0 /* Debug */,
				EC78F88E2A2630C5006786D0 /* Release */,
			);
			defaultConfigurationIsVisible = 0;
			defaultConfigurationName = Release;
		};
		EC78F88F2A2630C5006786D0 /* Build configuration list for PBXNativeTarget "IngressoCopycat" */ = {
			isa = XCConfigurationList;
			buildConfigurations = (
				EC78F8902A2630C5006786D0 /* Debug */,
				EC78F8912A2630C5006786D0 /* Release */,
			);
			defaultConfigurationIsVisible = 0;
			defaultConfigurationName = Release;
		};
/* End XCConfigurationList section */
	};
	rootObject = EC78F8792A2630C3006786D0 /* Project object */;
}
